version: 7
platforms:
- name: linux-64
  virtual-packages:
  - __unix=0=0
  - __linux=4.18
  - __glibc=2.28
  - __archspec=0=x86_64
environments:
  default:
    channels:
    - url: https://conda.anaconda.org/conda-forge/
    packages:
      linux-64:
      - conda: https://conda.anaconda.org/conda-forge/linux-64/_openmp_mutex-4.5-20_gnu.conda
      - conda: https://conda.anaconda.org/conda-forge/linux-64/aws-c-auth-0.10.4-h4610da3_2.conda
      - conda: https://conda.anaconda.org/conda-forge/linux-64/aws-c-cal-0.9.15-h6bbde05_1.conda
      - conda: https://conda.anaconda.org/conda-forge/linux-64/aws-c-common-0.14.3-hb03c661_0.conda
      - conda: https://conda.anaconda.org/conda-forge/linux-64/aws-c-compression-0.3.2-h01ee8f8_5.conda
      - conda: https://conda.anaconda.org/conda-forge/linux-64/aws-c-http-0.11.0-hbe094ff_5.conda
      - conda: https://conda.anaconda.org/conda-forge/linux-64/aws-c-io-0.27.5-h4f381ba_1.conda
      - conda: https://conda.anaconda.org/conda-forge/linux-64/aws-c-s3-0.13.1-h7508075_1.conda
      - conda: https://conda.anaconda.org/conda-forge/linux-64/aws-c-sdkutils-0.2.7-h01ee8f8_3.conda
      - conda: https://conda.anaconda.org/conda-forge/linux-64/aws-checksums-0.2.10-h01ee8f8_5.conda
      - conda: https://conda.anaconda.org/conda-forge/linux-64/blosc-1.21.6-he440d0b_1.conda
      - conda: https://conda.anaconda.org/conda-forge/linux-64/bzip2-1.0.8-hda65f42_10.conda
      - conda: https://conda.anaconda.org/conda-forge/linux-64/c-ares-1.34.8-hebe6cf0_2.conda
      - conda: https://conda.anaconda.org/conda-forge/linux-64/fpocket-4.2.3-h5fd1fdb_2.conda
      - conda: https://conda.anaconda.org/conda-forge/linux-64/hdf4-4.2.15-h2a13503_7.conda
      - conda: https://conda.anaconda.org/conda-forge/linux-64/hdf5-2.2.0-nompi_hc529623_100.conda
      - conda: https://conda.anaconda.org/conda-forge/linux-64/icu-78.3-py310h44b86e0_2.conda
      - conda: https://conda.anaconda.org/conda-forge/linux-64/keyutils-1.6.3-h7cc23a3_1.conda
      - conda: https://conda.anaconda.org/conda-forge/linux-64/krb5-1.22.2-hbc21106_2.conda
      - conda: https://conda.anaconda.org/conda-forge/linux-64/libaec-1.1.5-h088129d_0.conda
      - conda: https://conda.anaconda.org/conda-forge/linux-64/libcurl-8.21.0-ha042cf0_5.conda
      - conda: https://conda.anaconda.org/conda-forge/linux-64/libedit-3.1.20250104-pl5321h373387f_1.conda
      - conda: https://conda.anaconda.org/conda-forge/linux-64/libev-4.33-h280c20c_3.conda
      - conda: https://conda.anaconda.org/conda-forge/linux-64/libgcc-16.1.0-ha9f2e26_3.conda
      - conda: https://conda.anaconda.org/conda-forge/linux-64/libgcc-ng-16.1.0-h69a702a_3.conda
      - conda: https://conda.anaconda.org/conda-forge/linux-64/libgfortran-16.1.0-h69a702a_3.conda
      - conda: https://conda.anaconda.org/conda-forge/linux-64/libgfortran5-16.1.0-h79bb938_3.conda
      - conda: https://conda.anaconda.org/conda-forge/linux-64/libgomp-16.1.0-he0feb66_3.conda
      - conda: https://conda.anaconda.org/conda-forge/linux-64/libiconv-1.18-h0cb94f2_3.conda
      - conda: https://conda.anaconda.org/conda-forge/linux-64/libjpeg-turbo-3.2.0-hb03c661_1.conda
      - conda: https://conda.anaconda.org/conda-forge/linux-64/liblzma-5.8.3-hb03c661_1.conda
      - conda: https://conda.anaconda.org/conda-forge/linux-64/libnetcdf-4.10.1-nompi_he3e3c8e_201.conda
      - conda: https://conda.anaconda.org/conda-forge/linux-64/libnghttp2-1.68.1-h74cf4be_1.conda
      - conda: https://conda.anaconda.org/conda-forge/linux-64/libpsl-0.23.1-hd9e3e90_1.conda
      - conda: https://conda.anaconda.org/conda-forge/linux-64/libssh2-1.11.1-h6154650_1.conda
      - conda: https://conda.anaconda.org/conda-forge/linux-64/libstdcxx-16.1.0-h934c35e_3.conda
      - conda: https://conda.anaconda.org/conda-forge/linux-64/libstdcxx-ng-16.1.0-hdf11a46_3.conda
      - conda: https://conda.anaconda.org/conda-forge/linux-64/libxml2-16-2.15.3-hca6bf5a_1.conda
      - conda: https://conda.anaconda.org/conda-forge/linux-64/libxml2-2.15.3-h49c6c72_1.conda
      - conda: https://conda.anaconda.org/conda-forge/linux-64/libzip-1.11.2-h6991a6a_0.conda
      - conda: https://conda.anaconda.org/conda-forge/linux-64/libzlib-1.3.2-h25fd6f3_3.conda
      - conda: https://conda.anaconda.org/conda-forge/linux-64/lz4-c-1.10.0-hee9eb32_2.conda
      - conda: https://conda.anaconda.org/conda-forge/linux-64/ncurses-6.6-hdb14827_1.conda
      - conda: https://conda.anaconda.org/conda-forge/linux-64/openssl-3.6.3-h35e630c_1.conda
      - conda: https://conda.anaconda.org/conda-forge/linux-64/s2n-1.7.6-h7e3ee7f_0.conda
      - conda: https://conda.anaconda.org/conda-forge/linux-64/snappy-1.2.2-h03e3b7b_1.conda
      - conda: https://conda.anaconda.org/conda-forge/linux-64/zstd-1.5.7-hb78ec9c_7.conda
      - conda: https://conda.anaconda.org/conda-forge/noarch/ca-certificates-2026.7.22-hbd8a1cb_0.conda
packages:
- conda: https://conda.anaconda.org/conda-forge/linux-64/_openmp_mutex-4.5-20_gnu.conda
  build_number: 20
  sha256: 1dd3fffd892081df9726d7eb7e0dea6198962ba775bd88842135a4ddb4deb3c9
  md5: a9f577daf3de00bca7c3c76c0ecbd1de
  depends:
  - __glibc >=2.17,<3.0.a0
  - libgomp >=7.5.0
  constrains:
  - openmp_impl <0.0a0
  license: BSD-3-Clause
  license_family: BSD
  run_exports:
    strong:
    - _openmp_mutex >=4.5
  size: 28948
  timestamp: 1770939786096
- conda: https://conda.anaconda.org/conda-forge/linux-64/aws-c-auth-0.10.4-h4610da3_2.conda
  sha256: 0c92dc5ddf4edd4038a63adb79f9f0b03f61e9455ce3253b7d2cf708e06ff99e
  md5: cefa84dbf94066e7a6902af288a2fedd
  depends:
  - libgcc >=14
  - __glibc >=2.17,<3.0.a0
  - aws-c-http >=0.11.0,<0.11.1.0a0
  - aws-c-common >=0.14.3,<0.14.4.0a0
  - aws-c-io >=0.27.5,<0.27.6.0a0
  - aws-c-sdkutils >=0.2.7,<0.2.8.0a0
  - aws-c-cal >=0.9.15,<0.9.16.0a0
  license: Apache-2.0
  license_family: APACHE
  run_exports:
    weak:
    - aws-c-auth >=0.10.4,<0.10.5.0a0
  size: 135127
  timestamp: 1785199053057
- conda: https://conda.anaconda.org/conda-forge/linux-64/aws-c-cal-0.9.15-h6bbde05_1.conda
  sha256: 6eb21a0129e0aa7c6be733c7f2d1de6bc97a60c8382c1016f19dced722600d73
  md5: 8f2b374c79908f271be3d0e9f1c462a8
  depends:
  - __glibc >=2.17,<3.0.a0
  - aws-c-common >=0.14.3,<0.14.4.0a0
  - libgcc >=14
  - openssl >=3.5.7,<4.0a0
  license: Apache-2.0
  license_family: Apache
  run_exports:
    weak:
    - aws-c-cal >=0.9.15,<0.9.16.0a0
  size: 56630
  timestamp: 1785157790550
- conda: https://conda.anaconda.org/conda-forge/linux-64/aws-c-common-0.14.3-hb03c661_0.conda
  sha256: 8ea79f36d50ba90d7147fe1a047f9a7f2d33b114a3d4bacf1360cd8df43986e4
  md5: ce8664d7c01d4a598ad38107b289b5ec
  depends:
  - __glibc >=2.17,<3.0.a0
  - libgcc >=14
  license: Apache-2.0
  license_family: Apache
  run_exports:
    weak:
    - aws-c-common >=0.14.3,<0.14.4.0a0
  size: 245819
  timestamp: 1784596136918
- conda: https://conda.anaconda.org/conda-forge/linux-64/aws-c-compression-0.3.2-h01ee8f8_5.conda
  sha256: 27f8581573c533a92a1a9619516ebb66d390b9923d296331985cfd342dc32d29
  md5: ae862abdbb3160f97478d3d4749164c0
  depends:
  - libgcc >=14
  - __glibc >=2.17,<3.0.a0
  - aws-c-common >=0.14.3,<0.14.4.0a0
  license: Apache-2.0
  license_family: APACHE
  run_exports:
    weak:
    - aws-c-compression >=0.3.2,<0.3.3.0a0
  size: 22282
  timestamp: 1785157574179
- conda: https://conda.anaconda.org/conda-forge/linux-64/aws-c-http-0.11.0-hbe094ff_5.conda
  sha256: a4a5e24b398e7c0ef64de5a341ecb3f0fa87c2879177695c5d0bcbde0c4f8b5e
  md5: c09f7ec7327b8bd52fc2d6eacaa18d3b
  depends:
  - __glibc >=2.17,<3.0.a0
  - libgcc >=14
  - aws-c-io >=0.27.5,<0.27.6.0a0
  - aws-c-cal >=0.9.15,<0.9.16.0a0
  - aws-c-common >=0.14.3,<0.14.4.0a0
  - aws-c-compression >=0.3.2,<0.3.3.0a0
  license: Apache-2.0
  license_family: APACHE
  run_exports:
    weak:
    - aws-c-http >=0.11.0,<0.11.1.0a0
  size: 231270
  timestamp: 1785186134512
- conda: https://conda.anaconda.org/conda-forge/linux-64/aws-c-io-0.27.5-h4f381ba_1.conda
  sha256: 76ab4eb6cae12e14244cb1fe11ecccc2f103f8ffa7e80e222099c6b16c19ae20
  md5: 948f5a4fddac779b7942626e5807caba
  depends:
  - __glibc >=2.17,<3.0.a0
  - libgcc >=14
  - aws-c-common >=0.14.3,<0.14.4.0a0
  - aws-c-cal >=0.9.15,<0.9.16.0a0
  - s2n >=1.7.6,<1.7.7.0a0
  license: Apache-2.0
  license_family: APACHE
  run_exports:
    weak:
    - aws-c-io >=0.27.5,<0.27.6.0a0
  size: 183633
  timestamp: 1785170070776
- conda: https://conda.anaconda.org/conda-forge/linux-64/aws-c-s3-0.13.1-h7508075_1.conda
  sha256: d24f7f34b3b564535b533b17176e71f71b6944aa2cb71813283bece139908d9f
  md5: 2daf54d3eef87b757f68d7597534dd2f
  depends:
  - libgcc >=14
  - __glibc >=2.17,<3.0.a0
  - aws-c-http >=0.11.0,<0.11.1.0a0
  - aws-c-auth >=0.10.4,<0.10.5.0a0
  - openssl >=3.5.7,<4.0a0
  - aws-c-common >=0.14.3,<0.14.4.0a0
  - aws-checksums >=0.2.10,<0.2.11.0a0
  - aws-c-io >=0.27.5,<0.27.6.0a0
  - aws-c-cal >=0.9.15,<0.9.16.0a0
  license: Apache-2.0
  license_family: APACHE
  run_exports:
    weak:
    - aws-c-s3 >=0.13.1,<0.13.2.0a0
  size: 157667
  timestamp: 1785351292770
- conda: https://conda.anaconda.org/conda-forge/linux-64/aws-c-sdkutils-0.2.7-h01ee8f8_3.conda
  sha256: b308c393a3db78cef29942c6b83ca7321f86d357fbb47504d59f55254601c87a
  md5: 412f0cf18cc4c4945655dba954ca2d76
  depends:
  - __glibc >=2.17,<3.0.a0
  - libgcc >=14
  - aws-c-common >=0.14.3,<0.14.4.0a0
  license: Apache-2.0
  license_family: APACHE
  run_exports:
    weak:
    - aws-c-sdkutils >=0.2.7,<0.2.8.0a0
  size: 68574
  timestamp: 1785159234141
- conda: https://conda.anaconda.org/conda-forge/linux-64/aws-checksums-0.2.10-h01ee8f8_5.conda
  sha256: f8d2cd9faccb273df739fc28431b484a90aca10027ef44f7fec1d4f0bd229a76
  md5: 4d70caf5260e0787675c3bf61ae5b64c
  depends:
  - libgcc >=14
  - __glibc >=2.17,<3.0.a0
  - aws-c-common >=0.14.3,<0.14.4.0a0
  license: Apache-2.0
  license_family: APACHE
  run_exports:
    weak:
    - aws-checksums >=0.2.10,<0.2.11.0a0
  size: 101887
  timestamp: 1785159213897
- conda: https://conda.anaconda.org/conda-forge/linux-64/blosc-1.21.6-he440d0b_1.conda
  sha256: e7af5d1183b06a206192ff440e08db1c4e8b2ca1f8376ee45fb2f3a85d4ee45d
  md5: 2c2fae981fd2afd00812c92ac47d023d
  depends:
  - __glibc >=2.17,<3.0.a0
  - libgcc >=13
  - libstdcxx >=13
  - libzlib >=1.3.1,<2.0a0
  - lz4-c >=1.10.0,<1.11.0a0
  - snappy >=1.2.1,<1.3.0a0
  - zstd >=1.5.6,<1.6.0a0
  license: BSD-3-Clause
  license_family: BSD
  run_exports:
    weak:
    - blosc >=1.21.6,<2.0a0
  size: 48427
  timestamp: 1733513201413
- conda: https://conda.anaconda.org/conda-forge/linux-64/bzip2-1.0.8-hda65f42_10.conda
  sha256: 1a0d382c515ebf55f8ee1f38c8b81bc95af5c2acc42ad53b66bc5df932032f96
  md5: e675fabcf81499adc7edf58124fb1e01
  depends:
  - __glibc >=2.17,<3.0.a0
  - libgcc >=14
  license: bzip2-1.0.6
  license_family: BSD
  run_exports:
    weak:
    - bzip2 >=1.0.8,<2.0a0
  size: 257808
  timestamp: 1785906269155
- conda: https://conda.anaconda.org/conda-forge/linux-64/c-ares-1.34.8-hebe6cf0_2.conda
  sha256: 9c37cc233238adf366ea75b0e845662a5be07ceadf62e458183516369340274b
  md5: 3ad2b403be8fc5612b9159e2ce621f69
  depends:
  - libgcc >=15
  - __glibc >=2.17,<3.0.a0
  license: MIT
  license_family: MIT
  run_exports:
    weak:
    - c-ares >=1.34.8,<2.0a0
  size: 228700
  timestamp: 1787169971173
- conda: https://conda.anaconda.org/conda-forge/linux-64/fpocket-4.2.3-h5fd1fdb_2.conda
  sha256: 0d77bf44c6342d32a78cd9bbde6e478539d02673877cb6c1d65fcb552cca0445
  md5: 578e892e304443158e15b184df9f4436
  depends:
  - __glibc >=2.17,<3.0.a0
  - libgcc >=14
  - libnetcdf >=4.10.1,<4.10.2.0a0
  license: MIT
  license_family: MIT
  run_exports: {}
  size: 1769815
  timestamp: 1783928780172
- conda: https://conda.anaconda.org/conda-forge/linux-64/hdf4-4.2.15-h2a13503_7.conda
  sha256: 0d09b6dc1ce5c4005ae1c6a19dc10767932ef9a5e9c755cfdbb5189ac8fb0684
  md5: bd77f8da987968ec3927990495dc22e4
  depends:
  - libgcc-ng >=12
  - libjpeg-turbo >=3.0.0,<4.0a0
  - libstdcxx-ng >=12
  - libzlib >=1.2.13,<2.0.0a0
  license: BSD-3-Clause
  license_family: BSD
  run_exports:
    weak:
    - hdf4 >=4.2.15,<4.2.16.0a0
  size: 756742
  timestamp: 1695661547874
- conda: https://conda.anaconda.org/conda-forge/linux-64/hdf5-2.2.0-nompi_hc529623_100.conda
  sha256: 786d126bfb33b923dd1341a92c2a3edd0ff5d0a71db8557fca9324ea4e93d677
  md5: 336f7fb9af0c49cc246e2cff0992c3c4
  depends:
  - __glibc >=2.17,<3.0.a0
  - aws-c-auth >=0.10.4,<0.10.5.0a0
  - aws-c-common >=0.14.3,<0.14.4.0a0
  - aws-c-http >=0.11.0,<0.11.1.0a0
  - aws-c-io >=0.27.5,<0.27.6.0a0
  - aws-c-s3 >=0.13.1,<0.13.2.0a0
  - aws-c-sdkutils >=0.2.7,<0.2.8.0a0
  - libaec >=1.1.5,<2.0a0
  - libcurl >=8.21.0,<9.0a0
  - libgcc >=14
  - libgfortran
  - libgfortran5 >=14.4.0
  - libstdcxx >=14
  - libzlib >=1.3.2,<2.0a0
  - openssl >=3.5.7,<4.0a0
  license: BSD-3-Clause
  license_family: BSD
  run_exports:
    weak:
    - hdf5 >=2.2.0,<3.0a0
  size: 4250161
  timestamp: 1786233343747
- conda: https://conda.anaconda.org/conda-forge/linux-64/icu-78.3-py310h44b86e0_2.conda
  sha256: 9f07834f0c546ab14d885ce0366285f61f44e326c0edd1fc63b8294e113ae432
  md5: 72a381cbad04f24b1c2a43ef707f45b4
  depends:
  - __glibc >=2.17,<3.0.a0
  - libstdcxx >=14
  - libgcc >=14
  license: MIT
  license_family: MIT
  run_exports:
    weak:
    - icu >=78.3,<79.0a0
  size: 14459115
  timestamp: 1786545741408
- conda: https://conda.anaconda.org/conda-forge/linux-64/keyutils-1.6.3-h7cc23a3_1.conda
  sha256: dd053c96dcb0dcfd59422aefea9d2fe937a190167f34fba7893ec1e10a7e8963
  md5: ba55d1b89fd7775e67de8291029b4059
  depends:
  - __glibc >=2.17,<3.0.a0
  - libgcc >=15
  license: LGPL-2.1-or-later
  run_exports:
    weak:
    - keyutils >=1.6.3,<2.0a0
  size: 135295
  timestamp: 1786739238128
- conda: https://conda.anaconda.org/conda-forge/linux-64/krb5-1.22.2-hbc21106_2.conda
  sha256: 2a5c38c85e63df84c4e69ee71439841ce570d259ae3060627bb9a49a938d66f4
  md5: 53318d715316929a574f83591308b1f8
  depends:
  - __glibc >=2.17,<3.0.a0
  - keyutils >=1.6.3,<2.0a0
  - libedit >=3.1.20250104,<3.2.0a0
  - libedit >=3.1.20250104,<4.0a0
  - libgcc >=15
  - libstdcxx >=15
  - openssl >=3.5.7,<4.0a0
  license: MIT
  license_family: MIT
  run_exports:
    weak:
    - krb5 >=1.22.2,<1.23.0a0
  size: 1394333
  timestamp: 1786762112514
- conda: https://conda.anaconda.org/conda-forge/linux-64/libaec-1.1.5-h088129d_0.conda
  sha256: 822e4ae421a7e9c04e841323526321185f6659222325e1a9aedec811c686e688
  md5: 86f7414544ae606282352fa1e116b41f
  depends:
  - __glibc >=2.17,<3.0.a0
  - libgcc >=14
  - libstdcxx >=14
  license: BSD-2-Clause
  license_family: BSD
  run_exports:
    weak:
    - libaec >=1.1.5,<2.0a0
  size: 36544
  timestamp: 1769221884824
- conda: https://conda.anaconda.org/conda-forge/linux-64/libcurl-8.21.0-ha042cf0_5.conda
  sha256: 0b6cc13e36cf19ae9b764740112fc591682e189c99353be9f72f3d96ccf29d79
  md5: 0ed167049513943d078a6c997df2b4e0
  depends:
  - __glibc >=2.17,<3.0.a0
  - krb5 >=1.22.2,<1.23.0a0
  - libgcc >=15
  - libnghttp2 >=1.68.1,<2.0a0
  - libpsl >=0.23.1,<0.24.0a0
  - libssh2 >=1.11.1,<2.0a0
  - libzlib >=1.3.2,<2.0a0
  - openssl >=3.5.7,<4.0a0
  - zstd >=1.5.7,<1.6.0a0
  license: curl
  license_family: MIT
  run_exports:
    weak:
    - libcurl >=8.21.0,<9.0a0
  size: 484517
  timestamp: 1787183722915
- conda: https://conda.anaconda.org/conda-forge/linux-64/libedit-3.1.20250104-pl5321h373387f_1.conda
  sha256: 6473eb8caf2aae830f37caa93db9b26dddf7ac84b63229e8bf7fc0e5c3ab95b0
  md5: 50708d3b951d0f8e2d7f2df5b5edc040
  depends:
  - ncurses
  - libgcc >=14
  - __glibc >=2.17,<3.0.a0
  - ncurses >=6.6,<7.0a0
  license: BSD-2-Clause
  license_family: BSD
  run_exports:
    weak:
    - libedit >=3.1.20250104,<3.2.0a0
  size: 135098
  timestamp: 1786616658086
- conda: https://conda.anaconda.org/conda-forge/linux-64/libev-4.33-h280c20c_3.conda
  sha256: e4418f68d01a6307c4431b585c71b584f40189877364e542ee87deb777f5e85b
  md5: 7bc31538d6e3fb349e897353969237ec
  depends:
  - libgcc >=14
  - __glibc >=2.17,<3.0.a0
  license: BSD-2-Clause OR GPL-2.0-or-later
  license_family: GPL
  run_exports:
    weak:
    - libev >=4.33,<4.34.0a0
  size: 43220
  timestamp: 1785917328200
- conda: https://conda.anaconda.org/conda-forge/linux-64/libgcc-16.1.0-ha9f2e26_3.conda
  sha256: af35751596409fc1a1a81a32b7f1e195bca7f648dfe7c64f8ec4848b3a5003f8
  md5: c471b242d299f8bc1e2b3e0f6e9f4b77
  depends:
  - __glibc >=2.17,<3.0.a0
  - _openmp_mutex >=4.5
  constrains:
  - libgcc-ng ==16.1.0=*_3
  - libgomp 16.1.0 he0feb66_3
  license: GPL-3.0-only WITH GCC-exception-3.1
  license_family: GPL
  run_exports: {}
  size: 1058775
  timestamp: 1787329503824
- conda: https://conda.anaconda.org/conda-forge/linux-64/libgcc-ng-16.1.0-h69a702a_3.conda
  sha256: d3368af8b654073a0937fc7d3add75dbd09aae0b6e225596685756885b171309
  md5: 824e26366da140518fdc55816eaef929
  depends:
  - libgcc 16.1.0 ha9f2e26_3
  license: GPL-3.0-only WITH GCC-exception-3.1
  license_family: GPL
  run_exports:
    strong:
    - libgcc
  size: 28291
  timestamp: 1787329509642
- conda: https://conda.anaconda.org/conda-forge/linux-64/libgfortran-16.1.0-h69a702a_3.conda
  sha256: 0731a92037731af603b3653a67ffc98e07efc65765ebb603aa2e8fd1250ef21b
  md5: 3eae88e54adbd0448f865a74b2771192
  depends:
  - libgfortran5 16.1.0 h79bb938_3
  constrains:
  - libgfortran-ng ==16.1.0=*_3
  license: GPL-3.0-only WITH GCC-exception-3.1
  license_family: GPL
  run_exports: {}
  size: 28260
  timestamp: 1787329533897
- conda: https://conda.anaconda.org/conda-forge/linux-64/libgfortran5-16.1.0-h79bb938_3.conda
  sha256: 879e354ea894fe36c18160b000e35316cb3f196ff597f30dca209027ecf0fac2
  md5: 0f1c5c900eb7fbee86871c1f80dbccd3
  depends:
  - __glibc >=2.17,<3.0.a0
  - libgcc >=16.1.0
  constrains:
  - libgfortran 16.1.0
  license: GPL-3.0-only WITH GCC-exception-3.1
  license_family: GPL
  run_exports: {}
  size: 2539158
  timestamp: 1787329516723
- conda: https://conda.anaconda.org/conda-forge/linux-64/libgomp-16.1.0-he0feb66_3.conda
  sha256: 5998d3e2ef3ffcae6cd794c87f12acdd7220e69f7685a8ccef3cd2c5f6252831
  md5: 593dc8ed1ed687d4ffff6b8d2fce9d9f
  depends:
  - __glibc >=2.17,<3.0.a0
  license: GPL-3.0-only WITH GCC-exception-3.1
  license_family: GPL
  run_exports:
    strong:
    - _openmp_mutex >=4.5
  size: 641537
  timestamp: 1787329444295
- conda: https://conda.anaconda.org/conda-forge/linux-64/libiconv-1.18-h0cb94f2_3.conda
  sha256: f943117edb9cd4d9c61cc972eee5a34291dc55ea7a6e9e38da104995841cbcb6
  md5: f92233bf33e24a25668bb2119e2c51f9
  depends:
  - __glibc >=2.17,<3.0.a0
  - libgcc >=15
  license: LGPL-2.1-only
  run_exports:
    weak:
    - libiconv >=1.18,<2.0a0
  size: 789471
  timestamp: 1787033836207
- conda: https://conda.anaconda.org/conda-forge/linux-64/libjpeg-turbo-3.2.0-hb03c661_1.conda
  sha256: bba8538e6538ed58a8479b332337b96986561f975d06cfa2039a016c2d246ee4
  md5: 898d1c9793eaa52efc4727bd84d2e39a
  depends:
  - __glibc >=2.17,<3.0.a0
  - libgcc >=14
  constrains:
  - jpeg <0.0.0a
  license: IJG AND BSD-3-Clause AND Zlib
  run_exports:
    weak:
    - libjpeg-turbo >=3.2.0,<4.0a0
  size: 650434
  timestamp: 1785896381946
- conda: https://conda.anaconda.org/conda-forge/linux-64/liblzma-5.8.3-hb03c661_1.conda
  sha256: 9787df8c22a59c9a70d3e5a10db9ad663485e75e9ccc3f09bd092cb7b95e0dab
  md5: 1390b7c5ac0b1d8e447bc5efa6d3c8c2
  depends:
  - __glibc >=2.17,<3.0.a0
  - libgcc >=14
  constrains:
  - xz 5.8.3.*
  license: 0BSD
  run_exports:
    weak:
    - liblzma >=5.8.3,<6.0a0
  size: 112995
  timestamp: 1786348617826
- conda: https://conda.anaconda.org/conda-forge/linux-64/libnetcdf-4.10.1-nompi_he3e3c8e_201.conda
  build_number: 101
  sha256: a75ac995ccb9fefae463b317727affc528ace00e9dbde786fb51867f36ee2d8e
  md5: 912aefa694a66897afeb7a2330b17d9f
  depends:
  - libstdcxx >=14
  - libgcc >=14
  - __glibc >=2.17,<3.0.a0
  - hdf5 >=2.1.0,<3.0a0
  - libzlib >=1.3.2,<2.0a0
  - bzip2 >=1.0.8,<2.0a0
  - libxml2
  - libxml2-16 >=2.14.6
  - libaec >=1.1.5,<2.0a0
  - openssl >=3.5.7,<4.0a0
  - zstd >=1.5.7,<1.6.0a0
  - libcurl >=8.21.0,<9.0a0
  - libzip >=1.11.2,<2.0a0
  - blosc >=1.21.6,<2.0a0
  - hdf4 >=4.2.15,<4.2.16.0a0
  license: MIT
  license_family: MIT
  run_exports:
    weak:
    - libnetcdf >=4.10.1,<4.10.2.0a0
  size: 1006530
  timestamp: 1783982068542
- conda: https://conda.anaconda.org/conda-forge/linux-64/libnghttp2-1.68.1-h74cf4be_1.conda
  sha256: 11a2f54a6f391e25738bce0023e6ef499600147bbcf21c1fa69d2e251b03cc6a
  md5: 75d211f04ac87506f1f43420712a69fe
  depends:
  - __glibc >=2.17,<3.0.a0
  - c-ares >=1.34.8,<2.0a0
  - libev >=4.33,<4.34.0a0
  - libev >=4.33,<5.0a0
  - libgcc >=15
  - libstdcxx >=15
  - libzlib >=1.3.2,<2.0a0
  - openssl >=3.5.7,<4.0a0
  license: MIT
  license_family: MIT
  run_exports:
    weak:
    - libnghttp2 >=1.68.1,<2.0a0
  size: 649974
  timestamp: 1787177490105
- conda: https://conda.anaconda.org/conda-forge/linux-64/libpsl-0.23.1-hd9e3e90_1.conda
  sha256: 09e8effdc89bc5d021349318d32b85594f5b8d8e3ab8f90a85b81f8fe695a566
  md5: 77be60417aa572afcb48cbe0f967401d
  depends:
  - libstdcxx >=15
  - libgcc >=15
  - __glibc >=2.17,<3.0.a0
  - icu >=78.3,<79.0a0
  license: MIT
  license_family: MIT
  run_exports:
    weak:
    - libpsl >=0.23.1,<0.24.0a0
  size: 72519
  timestamp: 1786970753847
- conda: https://conda.anaconda.org/conda-forge/linux-64/libssh2-1.11.1-h6154650_1.conda
  sha256: 7e463000fa1cba3f3a6597b776f6ab301d425a96e3bc20d0d9d76a3b9f237aa3
  md5: 5c526561e1d2a2e071941174eae84557
  depends:
  - __glibc >=2.17,<3.0.a0
  - libgcc >=14
  - libzlib >=1.3.2,<2.0a0
  - openssl >=3.5.7,<4.0a0
  license: BSD-3-Clause
  license_family: BSD
  run_exports:
    weak:
    - libssh2 >=1.11.1,<2.0a0
  size: 306045
  timestamp: 1786713107897
- conda: https://conda.anaconda.org/conda-forge/linux-64/libstdcxx-16.1.0-h934c35e_3.conda
  sha256: 6e98c0283244b5f8bbc0e86f7cba4d4921136bfbabf8da42b898a7a1f10be949
  md5: 470d16b28d90ad4368df1aa5bc7ec18d
  depends:
  - __glibc >=2.17,<3.0.a0
  - libgcc 16.1.0 ha9f2e26_3
  constrains:
  - libstdcxx-ng ==16.1.0=*_3
  license: GPL-3.0-only WITH GCC-exception-3.1
  license_family: GPL
  run_exports: {}
  size: 6626421
  timestamp: 1787329526353
- conda: https://conda.anaconda.org/conda-forge/linux-64/libstdcxx-ng-16.1.0-hdf11a46_3.conda
  sha256: 11df057f95c6d9c52ba16fd291b1608eb3ccf7eedf0c8647a8048c9416449e26
  md5: 3e4550b8d69e0477b618825525189cfc
  depends:
  - libstdcxx 16.1.0 h934c35e_3
  license: GPL-3.0-only WITH GCC-exception-3.1
  license_family: GPL
  run_exports:
    strong:
    - libstdcxx
  size: 28325
  timestamp: 1787329557748
- conda: https://conda.anaconda.org/conda-forge/linux-64/libxml2-16-2.15.3-hca6bf5a_1.conda
  sha256: 087d4de023f22d6a28b9e1b818961dd41e9bda6e9793590600ff16ca150bf9cb
  md5: 20e4d67ec908f0405124f11612c48305
  depends:
  - __glibc >=2.17,<3.0.a0
  - icu >=78.3,<79.0a0
  - libgcc >=14
  - libiconv >=1.18,<2.0a0
  - liblzma >=5.8.3,<6.0a0
  - libzlib >=1.3.2,<2.0a0
  constrains:
  - libxml2 2.15.3
  license: MIT
  license_family: MIT
  run_exports: {}
  size: 559721
  timestamp: 1787237579170
- conda: https://conda.anaconda.org/conda-forge/linux-64/libxml2-2.15.3-h49c6c72_1.conda
  sha256: a16a576a5844a3a0e1cdfc5e162b9fe9c64dccf6a93f44c293bb42851aebe2b4
  md5: 2d34cdb31014cbc8f1e9384c89ede0a5
  depends:
  - __glibc >=2.17,<3.0.a0
  - icu >=78.3,<79.0a0
  - libgcc >=14
  - libiconv >=1.18,<2.0a0
  - liblzma >=5.8.3,<6.0a0
  - libxml2-16 2.15.3 hca6bf5a_1
  - libzlib >=1.3.2,<2.0a0
  license: MIT
  license_family: MIT
  run_exports:
    weak:
    - libxml2
    - libxml2-16 >=2.15.3
  size: 46203
  timestamp: 1787237584107
- conda: https://conda.anaconda.org/conda-forge/linux-64/libzip-1.11.2-h6991a6a_0.conda
  sha256: 991e7348b0f650d495fb6d8aa9f8c727bdf52dabf5853c0cc671439b160dce48
  md5: a7b27c075c9b7f459f1c022090697cba
  depends:
  - __glibc >=2.17,<3.0.a0
  - bzip2 >=1.0.8,<2.0a0
  - libgcc >=13
  - libzlib >=1.3.1,<2.0a0
  - openssl >=3.3.2,<4.0a0
  license: BSD-3-Clause
  license_family: BSD
  run_exports:
    weak:
    - libzip >=1.11.2,<2.0a0
  size: 109043
  timestamp: 1730442108429
- conda: https://conda.anaconda.org/conda-forge/linux-64/libzlib-1.3.2-h25fd6f3_3.conda
  sha256: eb8a0db0aa570124f7d2a93d7c7f596e3390df5e047818d873baad32985fc736
  md5: 0de0122d9570a8ab637c6b73db268389
  depends:
  - __glibc >=2.17,<3.0.a0
  constrains:
  - zlib 1.3.2 *_3
  license: Zlib
  license_family: Other
  run_exports:
    weak:
    - libzlib >=1.3.2,<2.0a0
  size: 63713
  timestamp: 1785362952714
- conda: https://conda.anaconda.org/conda-forge/linux-64/lz4-c-1.10.0-hee9eb32_2.conda
  sha256: b8c0e930183e6b7f83cd35ace102f2b8c2f0faae41dc05255dc72f247dfc556a
  md5: e38a3253d72ab07d471483f24947e2a2
  depends:
  - libgcc >=15
  - libstdcxx >=15
  - __glibc >=2.17,<3.0.a0
  license: BSD-2-Clause
  license_family: BSD
  run_exports:
    weak:
    - lz4-c >=1.10.0,<1.11.0a0
  size: 181812
  timestamp: 1786717122815
- conda: https://conda.anaconda.org/conda-forge/linux-64/ncurses-6.6-hdb14827_1.conda
  sha256: 5d46557214ed184381dafe835b7c94a474a1c3b307a08a250b1ea4779b44ffb3
  md5: ee6c0cd80a60961a1f48aa3e0b91f986
  depends:
  - __glibc >=2.17,<3.0.a0
  - libgcc >=14
  license: X11 AND BSD-3-Clause
  run_exports:
    weak:
    - ncurses >=6.6,<7.0a0
  size: 911196
  timestamp: 1786355078102
- conda: https://conda.anaconda.org/conda-forge/linux-64/openssl-3.6.3-h35e630c_1.conda
  sha256: 012096056b97abf1f68c46b7146bd2cbd68c1be762340b4f5dad4fbbe99177bc
  md5: c5955c27917ff2234def47f075e71e02
  depends:
  - __glibc >=2.17,<3.0.a0
  - ca-certificates
  - libgcc >=14
  license: Apache-2.0
  license_family: Apache
  run_exports:
    weak:
    - openssl >=3.6.3,<4.0a0
  size: 3182423
  timestamp: 1785913583650
- conda: https://conda.anaconda.org/conda-forge/linux-64/s2n-1.7.6-h7e3ee7f_0.conda
  sha256: 1e1ccc56fdf3fe82150b4eac1d626c806e612af208fbf40ce3abfe9a2eb2a626
  md5: e112cadcd79412d81496e784884bddf0
  depends:
  - __glibc >=2.17,<3.0.a0
  - libgcc >=14
  - openssl >=3.5.7,<4.0a0
  license: Apache-2.0
  license_family: Apache
  run_exports:
    weak:
    - s2n >=1.7.6,<1.7.7.0a0
  size: 393680
  timestamp: 1784674401024
- conda: https://conda.anaconda.org/conda-forge/linux-64/snappy-1.2.2-h03e3b7b_1.conda
  sha256: 48f3f6a76c34b2cfe80de9ce7f2283ecb55d5ed47367ba91e8bb8104e12b8f11
  md5: 98b6c9dc80eb87b2519b97bcf7e578dd
  depends:
  - libgcc >=14
  - __glibc >=2.17,<3.0.a0
  - libstdcxx >=14
  - libgcc >=14
  license: BSD-3-Clause
  license_family: BSD
  run_exports:
    weak:
    - snappy >=1.2.2,<1.3.0a0
  size: 45829
  timestamp: 1762948049098
- conda: https://conda.anaconda.org/conda-forge/linux-64/zstd-1.5.7-hb78ec9c_7.conda
  sha256: 47d682b9f6d6ec9eb1a6e6c3e75ea6273e899e78fb7fc59f81d39745009fbc60
  md5: aa459086047c0e5e27023ab19f8cb86a
  depends:
  - __glibc >=2.17,<3.0.a0
  - libzlib >=1.3.2,<2.0a0
  license: BSD-3-Clause
  license_family: BSD
  run_exports:
    weak:
    - zstd >=1.5.7,<1.6.0a0
  size: 601301
  timestamp: 1786599621503
- conda: https://conda.anaconda.org/conda-forge/noarch/ca-certificates-2026.7.22-hbd8a1cb_0.conda
  sha256: 0a0544cf95f64394fe4959286f5c71f5444ad58feb0602e53becb27448d24da6
  md5: 0f51e2391ade309db462a55611263e9c
  depends:
  - __unix
  license: ISC
  run_exports: {}
  size: 131780
  timestamp: 1784754889428
